# THIS IS AN AUTOGENERATED FILE. DO NOT EDIT THIS FILE DIRECTLY.
# yarn lockfile v1


"@types/lodash@^4.14.166":
  version "4.14.166"
  resolved "https://registry.npm.taobao.org/@types/lodash/download/@types/lodash-4.14.166.tgz?cache=0&sync_timestamp=1608758131343&other_urls=https%3A%2F%2Fregistry.npm.taobao.org%2F%40types%2Flodash%2Fdownload%2F%40types%2Flodash-4.14.166.tgz#07e7f2699a149219dbc3c35574f126ec8737688f"
  integrity sha1-B+fyaZoUkhnbw8NVdPEm7Ic3aI8=
